{
  "name": "amy",
  "version": "v4.10.0-dev",
  "lockfileVersion": 2,
  "requires": true,
  "packages": {
    "": {
      "name": "amy",
      "version": "v4.10.0-dev",
      "license": "MIT",
      "dependencies": {
        "@fortawesome/fontawesome-free": "^5.1.1",
        "@github/time-elements": "^3.1.1",
        "@popperjs/core": "^2.11.8",
        "bootstrap": "^5.3.3",
        "datatables.net": "^1.11.3",
        "datatables.net-bs5": "^1.11.3",
        "datatables.net-dt": "^1.11.3",
        "htmx.org": "^2.0.10",
        "jquery": "^3.5.0",
        "jquery-stickytabs": "^1.2.4",
        "js-cookie": "^3.0.7",
        "js-yaml": "^4.1.0",
        "select2": "^4.0.10",
        "select2-bootstrap-5-theme": "^1.3.0",
        "urijs": "^1.19.11",
        "vanillajs-datepicker": "^1.3.4"
      }
    },
    "node_modules/@fortawesome/fontawesome-free": {
      "version": "5.4.0",
      "resolved": "https://registry.npmjs.org/@fortawesome/fontawesome-free/-/fontawesome-free-5.4.0.tgz",
      "integrity": "sha512-yOvY4vhouiTXMNHMlxdgjjC6rdmspQTFCMaRDcxzOK+LP9YfoIccXpOK9boyUgvA1U/pgzHlVZDHrWs6r3sRcA==",
      "engines": {
        "node": ">=6"
      }
    },
    "node_modules/@github/time-elements": {
      "version": "3.1.1",
      "resolved": "https://registry.npmjs.org/@github/time-elements/-/time-elements-3.1.1.tgz",
      "integrity": "sha512-95TquDedxMpNb8BUrVIt9NEfdNBw4DRjdcECDPx4Ix6gkksI2npKRJBOV9XJMYjEIBo50iAiJzUuwL/fh3ptFw=="
    },
    "node_modules/@popperjs/core": {
      "version": "2.11.8",
      "resolved": "https://registry.npmjs.org/@popperjs/core/-/core-2.11.8.tgz",
      "integrity": "sha512-P1st0aksCrn9sGZhp8GMYwBnQsbvAWsZAX44oXNNvLHGqAOcoVxmjZiohstwQ7SqKnbR47akdNi+uleWD8+g6A==",
      "license": "MIT",
      "peer": true,
      "funding": {
        "type": "opencollective",
        "url": "https://opencollective.com/popperjs"
      }
    },
    "node_modules/argparse": {
      "version": "2.0.1",
      "resolved": "https://registry.npmjs.org/argparse/-/argparse-2.0.1.tgz",
      "integrity": "sha512-8+9WqebbFzpX9OR+Wa6O29asIogeRMzcGtAINdpMHHyAg10f05aSFVBbcEqGf/PXw1EjAZ+q2/bEBg3DvurK3Q==",
      "license": "Python-2.0"
    },
    "node_modules/bootstrap": {
      "version": "5.3.8",
      "resolved": "https://registry.npmjs.org/bootstrap/-/bootstrap-5.3.8.tgz",
      "integrity": "sha512-HP1SZDqaLDPwsNiqRqi5NcP0SSXciX2s9E+RyqJIIqGo+vJeN5AJVM98CXmW/Wux0nQ5L7jeWUdplCEf0Ee+tg==",
      "funding": [
        {
          "type": "github",
          "url": "https://github.com/sponsors/twbs"
        },
        {
          "type": "opencollective",
          "url": "https://opencollective.com/bootstrap"
        }
      ],
      "license": "MIT",
      "peerDependencies": {
        "@popperjs/core": "^2.11.8"
      }
    },
    "node_modules/datatables.net": {
      "version": "1.13.11",
      "resolved": "https://registry.npmjs.org/datatables.net/-/datatables.net-1.13.11.tgz",
      "integrity": "sha512-AE6RkMXziRaqzPcu/pl3SJXeRa6fmXQG/fVjuRESujvkzqDCYEeKTTpPMuVJSGYJpPi32WGSphVNNY1G4nSN/g==",
      "license": "MIT",
      "dependencies": {
        "jquery": "1.8 - 4"
      }
    },
    "node_modules/datatables.net-bs5": {
      "version": "1.13.11",
      "resolved": "https://registry.npmjs.org/datatables.net-bs5/-/datatables.net-bs5-1.13.11.tgz",
      "integrity": "sha512-NQO15TjXo4xvZ0jReC4Uf86ezbQzPQPdaN2YncrCPhzQ6fx+2WD7DUq4ur0HbAcYHo94/M+MtD5Ch29To7Rj3Q==",
      "license": "MIT",
      "dependencies": {
        "datatables.net": "1.13.11",
        "jquery": "1.8 - 4"
      }
    },
    "node_modules/datatables.net-dt": {
      "version": "1.11.3",
      "resolved": "https://registry.npmjs.org/datatables.net-dt/-/datatables.net-dt-1.11.3.tgz",
      "integrity": "sha512-EX/thRwXpQRj8hZSb+ZMDNQ4uW1zLZa9BoAhhw1b5HIDH1nJ9WRTkERsoxE+3WISeX8bDiaEydf8TTQBSqxXVw==",
      "dependencies": {
        "datatables.net": ">=1.10.25",
        "jquery": ">=1.7"
      }
    },
    "node_modules/htmx.org": {
      "version": "2.0.10",
      "resolved": "https://registry.npmjs.org/htmx.org/-/htmx.org-2.0.10.tgz",
      "integrity": "sha512-kdeJe7ZVwaS6QMz/ebBIVtZdpwen6L0OQ5GOhPV9MKBb196TCZeZu4yA7ZIQsaLKv7EpXz+So7KSXNuHXhj7Cw==",
      "license": "0BSD"
    },
    "node_modules/jquery": {
      "version": "3.6.0",
      "resolved": "https://registry.npmjs.org/jquery/-/jquery-3.6.0.tgz",
      "integrity": "sha512-JVzAR/AjBvVt2BmYhxRCSYysDsPcssdmTFnzyLEts9qNwmjmu4JTAMYubEfwVOSwpQ1I1sKKFcxhZCI2buerfw=="
    },
    "node_modules/jquery-stickytabs": {
      "version": "1.2.4",
      "resolved": "https://registry.npmjs.org/jquery-stickytabs/-/jquery-stickytabs-1.2.4.tgz",
      "integrity": "sha1-x20YZO4DniW8VyQnSs2VbvKKa24= sha512-uBkd7K3nUCPrnOqFHNEPoC0oQENYo07D3NwtJ9QP930u4wm5rGxp0dz9SlxUaTC2Yl24fBzt1w9B44pWFTQp6A=="
    },
    "node_modules/js-cookie": {
      "version": "3.0.7",
      "resolved": "https://registry.npmjs.org/js-cookie/-/js-cookie-3.0.7.tgz",
      "integrity": "sha512-z/wZZgDrkNV1eA0ULjM/F9/50Ya8fbzgKneSpoPsXSGd0KnpdtHfOZWK+GcwLk+EZbS4F9RBhU+K2RgzuDaItw==",
      "engines": {
        "node": ">=20"
      }
    },
    "node_modules/js-yaml": {
      "version": "4.1.1",
      "resolved": "https://registry.npmjs.org/js-yaml/-/js-yaml-4.1.1.tgz",
      "integrity": "sha512-qQKT4zQxXl8lLwBtHMWwaTcGfFOZviOJet3Oy/xmGk2gZH677CJM9EvtfdSkgWcATZhj/55JZ0rmy3myCT5lsA==",
      "license": "MIT",
      "dependencies": {
        "argparse": "^2.0.1"
      },
      "bin": {
        "js-yaml": "bin/js-yaml.js"
      }
    },
    "node_modules/select2": {
      "version": "4.0.10",
      "resolved": "https://registry.npmjs.org/select2/-/select2-4.0.10.tgz",
      "integrity": "sha512-g9fWMdEif4eQ901eiJV3os0MG5y20/3E2WNy0PfYf0T6Q/zZB/NOroJwAxcfE6uv5x0/BGeCDGNtoj9PqCdQEg=="
    },
    "node_modules/select2-bootstrap-5-theme": {
      "version": "1.3.0",
      "resolved": "https://registry.npmjs.org/select2-bootstrap-5-theme/-/select2-bootstrap-5-theme-1.3.0.tgz",
      "integrity": "sha512-uEJDruP4tmwyKcs3V0oP7CIsyC45PGF5ddo8unwTp8OucJ1PSuTOBr+xbWaHTQPGnvp7N96psVQ5UBMQvFCcHA==",
      "license": "MIT",
      "dependencies": {
        "bootstrap": "^5.1.3"
      }
    },
    "node_modules/urijs": {
      "version": "1.19.11",
      "resolved": "https://registry.npmjs.org/urijs/-/urijs-1.19.11.tgz",
      "integrity": "sha512-HXgFDgDommxn5/bIv0cnQZsPhHDA90NPHD6+c/v21U5+Sx5hoP8+dP9IZXBU1gIfvdRfhG8cel9QNPeionfcCQ=="
    },
    "node_modules/vanillajs-datepicker": {
      "version": "1.3.4",
      "resolved": "https://registry.npmjs.org/vanillajs-datepicker/-/vanillajs-datepicker-1.3.4.tgz",
      "integrity": "sha512-waOyp2Ay+K1VA/B5cNlFgSNzFR9efCVKaoyMyNEAhAwmKLzMB9nCJs6Vqmo6HuHWA98VEHXbgz5thZ7hH/uohA==",
      "license": "MIT"
    }
  },
  "dependencies": {
    "@fortawesome/fontawesome-free": {
      "version": "5.4.0",
      "resolved": "https://registry.npmjs.org/@fortawesome/fontawesome-free/-/fontawesome-free-5.4.0.tgz",
      "integrity": "sha512-yOvY4vhouiTXMNHMlxdgjjC6rdmspQTFCMaRDcxzOK+LP9YfoIccXpOK9boyUgvA1U/pgzHlVZDHrWs6r3sRcA=="
    },
    "@github/time-elements": {
      "version": "3.1.1",
      "resolved": "https://registry.npmjs.org/@github/time-elements/-/time-elements-3.1.1.tgz",
      "integrity": "sha512-95TquDedxMpNb8BUrVIt9NEfdNBw4DRjdcECDPx4Ix6gkksI2npKRJBOV9XJMYjEIBo50iAiJzUuwL/fh3ptFw=="
    },
    "@popperjs/core": {
      "version": "2.11.8",
      "resolved": "https://registry.npmjs.org/@popperjs/core/-/core-2.11.8.tgz",
      "integrity": "sha512-P1st0aksCrn9sGZhp8GMYwBnQsbvAWsZAX44oXNNvLHGqAOcoVxmjZiohstwQ7SqKnbR47akdNi+uleWD8+g6A==",
      "peer": true
    },
    "argparse": {
      "version": "2.0.1",
      "resolved": "https://registry.npmjs.org/argparse/-/argparse-2.0.1.tgz",
      "integrity": "sha512-8+9WqebbFzpX9OR+Wa6O29asIogeRMzcGtAINdpMHHyAg10f05aSFVBbcEqGf/PXw1EjAZ+q2/bEBg3DvurK3Q=="
    },
    "bootstrap": {
      "version": "5.3.8",
      "resolved": "https://registry.npmjs.org/bootstrap/-/bootstrap-5.3.8.tgz",
      "integrity": "sha512-HP1SZDqaLDPwsNiqRqi5NcP0SSXciX2s9E+RyqJIIqGo+vJeN5AJVM98CXmW/Wux0nQ5L7jeWUdplCEf0Ee+tg==",
      "requires": {}
    },
    "datatables.net": {
      "version": "1.13.11",
      "resolved": "https://registry.npmjs.org/datatables.net/-/datatables.net-1.13.11.tgz",
      "integrity": "sha512-AE6RkMXziRaqzPcu/pl3SJXeRa6fmXQG/fVjuRESujvkzqDCYEeKTTpPMuVJSGYJpPi32WGSphVNNY1G4nSN/g==",
      "requires": {
        "jquery": "1.8 - 4"
      }
    },
    "datatables.net-bs5": {
      "version": "1.13.11",
      "resolved": "https://registry.npmjs.org/datatables.net-bs5/-/datatables.net-bs5-1.13.11.tgz",
      "integrity": "sha512-NQO15TjXo4xvZ0jReC4Uf86ezbQzPQPdaN2YncrCPhzQ6fx+2WD7DUq4ur0HbAcYHo94/M+MtD5Ch29To7Rj3Q==",
      "requires": {
        "datatables.net": "1.13.11",
        "jquery": "1.8 - 4"
      }
    },
    "datatables.net-dt": {
      "version": "1.11.3",
      "resolved": "https://registry.npmjs.org/datatables.net-dt/-/datatables.net-dt-1.11.3.tgz",
      "integrity": "sha512-EX/thRwXpQRj8hZSb+ZMDNQ4uW1zLZa9BoAhhw1b5HIDH1nJ9WRTkERsoxE+3WISeX8bDiaEydf8TTQBSqxXVw==",
      "requires": {
        "datatables.net": ">=1.10.25",
        "jquery": ">=1.7"
      }
    },
    "htmx.org": {
      "version": "2.0.10",
      "resolved": "https://registry.npmjs.org/htmx.org/-/htmx.org-2.0.10.tgz",
      "integrity": "sha512-kdeJe7ZVwaS6QMz/ebBIVtZdpwen6L0OQ5GOhPV9MKBb196TCZeZu4yA7ZIQsaLKv7EpXz+So7KSXNuHXhj7Cw=="
    },
    "jquery": {
      "version": "3.6.0",
      "resolved": "https://registry.npmjs.org/jquery/-/jquery-3.6.0.tgz",
      "integrity": "sha512-JVzAR/AjBvVt2BmYhxRCSYysDsPcssdmTFnzyLEts9qNwmjmu4JTAMYubEfwVOSwpQ1I1sKKFcxhZCI2buerfw=="
    },
    "jquery-stickytabs": {
      "version": "1.2.4",
      "resolved": "https://registry.npmjs.org/jquery-stickytabs/-/jquery-stickytabs-1.2.4.tgz",
      "integrity": "sha1-x20YZO4DniW8VyQnSs2VbvKKa24= sha512-uBkd7K3nUCPrnOqFHNEPoC0oQENYo07D3NwtJ9QP930u4wm5rGxp0dz9SlxUaTC2Yl24fBzt1w9B44pWFTQp6A=="
    },
    "js-cookie": {
      "version": "3.0.7",
      "resolved": "https://registry.npmjs.org/js-cookie/-/js-cookie-3.0.7.tgz",
      "integrity": "sha512-z/wZZgDrkNV1eA0ULjM/F9/50Ya8fbzgKneSpoPsXSGd0KnpdtHfOZWK+GcwLk+EZbS4F9RBhU+K2RgzuDaItw=="
    },
    "js-yaml": {
      "version": "4.1.1",
      "resolved": "https://registry.npmjs.org/js-yaml/-/js-yaml-4.1.1.tgz",
      "integrity": "sha512-qQKT4zQxXl8lLwBtHMWwaTcGfFOZviOJet3Oy/xmGk2gZH677CJM9EvtfdSkgWcATZhj/55JZ0rmy3myCT5lsA==",
      "requires": {
        "argparse": "^2.0.1"
      }
    },
    "select2": {
      "version": "4.0.10",
      "resolved": "https://registry.npmjs.org/select2/-/select2-4.0.10.tgz",
      "integrity": "sha512-g9fWMdEif4eQ901eiJV3os0MG5y20/3E2WNy0PfYf0T6Q/zZB/NOroJwAxcfE6uv5x0/BGeCDGNtoj9PqCdQEg=="
    },
    "select2-bootstrap-5-theme": {
      "version": "1.3.0",
      "resolved": "https://registry.npmjs.org/select2-bootstrap-5-theme/-/select2-bootstrap-5-theme-1.3.0.tgz",
      "integrity": "sha512-uEJDruP4tmwyKcs3V0oP7CIsyC45PGF5ddo8unwTp8OucJ1PSuTOBr+xbWaHTQPGnvp7N96psVQ5UBMQvFCcHA==",
      "requires": {
        "bootstrap": "^5.1.3"
      }
    },
    "urijs": {
      "version": "1.19.11",
      "resolved": "https://registry.npmjs.org/urijs/-/urijs-1.19.11.tgz",
      "integrity": "sha512-HXgFDgDommxn5/bIv0cnQZsPhHDA90NPHD6+c/v21U5+Sx5hoP8+dP9IZXBU1gIfvdRfhG8cel9QNPeionfcCQ=="
    },
    "vanillajs-datepicker": {
      "version": "1.3.4",
      "resolved": "https://registry.npmjs.org/vanillajs-datepicker/-/vanillajs-datepicker-1.3.4.tgz",
      "integrity": "sha512-waOyp2Ay+K1VA/B5cNlFgSNzFR9efCVKaoyMyNEAhAwmKLzMB9nCJs6Vqmo6HuHWA98VEHXbgz5thZ7hH/uohA=="
    }
  }
}
