{
  "name": "amy",
  "version": "v4.1.0-dev",
  "lockfileVersion": 2,
  "requires": true,
  "packages": {
    "": {
      "name": "amy",
      "version": "v4.1.0-dev",
      "license": "MIT",
      "dependencies": {
        "@fortawesome/fontawesome-free": "^5.1.1",
        "@github/time-elements": "^3.1.1",
        "@ttskch/select2-bootstrap4-theme": "^1.0.5",
        "bootstrap": "^4.5.3",
        "bootstrap-datepicker": "^1.9.0",
        "datatables.net": "^1.11.3",
        "datatables.net-bs4": "^1.11.3",
        "datatables.net-dt": "^1.11.3",
        "jquery": "^3.5.0",
        "jquery-stickytabs": "^1.2.4",
        "js-cookie": "^3.0.1",
        "popper.js": "^1.16.1",
        "select2": "^4.0.10",
        "urijs": "^1.19.11"
      }
    },
    "node_modules/@fortawesome/fontawesome-free": {
      "version": "5.4.0",
      "resolved": "https://registry.npmjs.org/@fortawesome/fontawesome-free/-/fontawesome-free-5.4.0.tgz",
      "integrity": "sha512-yOvY4vhouiTXMNHMlxdgjjC6rdmspQTFCMaRDcxzOK+LP9YfoIccXpOK9boyUgvA1U/pgzHlVZDHrWs6r3sRcA==",
      "engines": {
        "node": ">=6"
      }
    },
    "node_modules/@github/time-elements": {
      "version": "3.1.1",
      "resolved": "https://registry.npmjs.org/@github/time-elements/-/time-elements-3.1.1.tgz",
      "integrity": "sha512-95TquDedxMpNb8BUrVIt9NEfdNBw4DRjdcECDPx4Ix6gkksI2npKRJBOV9XJMYjEIBo50iAiJzUuwL/fh3ptFw=="
    },
    "node_modules/@ttskch/select2-bootstrap4-theme": {
      "version": "1.0.5",
      "resolved": "https://registry.npmjs.org/@ttskch/select2-bootstrap4-theme/-/select2-bootstrap4-theme-1.0.5.tgz",
      "integrity": "sha512-84qDd9eDwR6TijtPtV1jzhKcZnXZXwFxS98tc6Rh1mMv285Bptmv1JcsGvq33k7oq1QqK54p6BlYRx8kTP0ZiA=="
    },
    "node_modules/bootstrap": {
      "version": "4.5.3",
      "resolved": "https://registry.npmjs.org/bootstrap/-/bootstrap-4.5.3.tgz",
      "integrity": "sha512-o9ppKQioXGqhw8Z7mah6KdTYpNQY//tipnkxppWhPbiSWdD+1raYsnhwEZjkTHYbGee4cVQ0Rx65EhOY/HNLcQ==",
      "funding": {
        "type": "opencollective",
        "url": "https://opencollective.com/bootstrap"
      },
      "peerDependencies": {
        "jquery": "1.9.1 - 3",
        "popper.js": "^1.16.1"
      }
    },
    "node_modules/bootstrap-datepicker": {
      "version": "1.9.0",
      "resolved": "https://registry.npmjs.org/bootstrap-datepicker/-/bootstrap-datepicker-1.9.0.tgz",
      "integrity": "sha512-9rYYbaVOheGYxjOr/+bJCmRPihfy+LkLSg4fIFMT9Od8WwWB/MB50w0JO1eBgKUMbb7PFHQD5uAfI3ArAxZRXA==",
      "dependencies": {
        "jquery": ">=1.7.1 <4.0.0"
      }
    },
    "node_modules/datatables.net": {
      "version": "1.11.3",
      "resolved": "https://registry.npmjs.org/datatables.net/-/datatables.net-1.11.3.tgz",
      "integrity": "sha512-VMj5qEaTebpNurySkM6jy6sGpl+s6onPK8xJhYr296R/vUBnz1+id16NVqNf9z5aR076OGcpGHCuiTuy4E05oQ==",
      "dependencies": {
        "jquery": ">=1.7"
      }
    },
    "node_modules/datatables.net-bs4": {
      "version": "1.11.3",
      "resolved": "https://registry.npmjs.org/datatables.net-bs4/-/datatables.net-bs4-1.11.3.tgz",
      "integrity": "sha512-UPT2F1nvZZzKJSSHb+3+bTeQy1ULLMT1BexBHCkh5PhMnAZNPbTEZD+6To1RCBfUF1rtPwIJTwJ+Jjjxy86xRw==",
      "dependencies": {
        "datatables.net": ">=1.10.25",
        "jquery": ">=1.7"
      }
    },
    "node_modules/datatables.net-dt": {
      "version": "1.11.3",
      "resolved": "https://registry.npmjs.org/datatables.net-dt/-/datatables.net-dt-1.11.3.tgz",
      "integrity": "sha512-EX/thRwXpQRj8hZSb+ZMDNQ4uW1zLZa9BoAhhw1b5HIDH1nJ9WRTkERsoxE+3WISeX8bDiaEydf8TTQBSqxXVw==",
      "dependencies": {
        "datatables.net": ">=1.10.25",
        "jquery": ">=1.7"
      }
    },
    "node_modules/jquery": {
      "version": "3.6.0",
      "resolved": "https://registry.npmjs.org/jquery/-/jquery-3.6.0.tgz",
      "integrity": "sha512-JVzAR/AjBvVt2BmYhxRCSYysDsPcssdmTFnzyLEts9qNwmjmu4JTAMYubEfwVOSwpQ1I1sKKFcxhZCI2buerfw=="
    },
    "node_modules/jquery-stickytabs": {
      "version": "1.2.4",
      "resolved": "https://registry.npmjs.org/jquery-stickytabs/-/jquery-stickytabs-1.2.4.tgz",
      "integrity": "sha1-x20YZO4DniW8VyQnSs2VbvKKa24= sha512-uBkd7K3nUCPrnOqFHNEPoC0oQENYo07D3NwtJ9QP930u4wm5rGxp0dz9SlxUaTC2Yl24fBzt1w9B44pWFTQp6A=="
    },
    "node_modules/js-cookie": {
      "version": "3.0.1",
      "resolved": "https://registry.npmjs.org/js-cookie/-/js-cookie-3.0.1.tgz",
      "integrity": "sha512-+0rgsUXZu4ncpPxRL+lNEptWMOWl9etvPHc/koSRp6MPwpRYAhmk0dUG00J4bxVV3r9uUzfo24wW0knS07SKSw==",
      "engines": {
        "node": ">=12"
      }
    },
    "node_modules/popper.js": {
      "version": "1.16.1",
      "resolved": "https://registry.npmjs.org/popper.js/-/popper.js-1.16.1.tgz",
      "integrity": "sha512-Wb4p1J4zyFTbM+u6WuO4XstYx4Ky9Cewe4DWrel7B0w6VVICvPwdOpotjzcf6eD8TsckVnIMNONQyPIUFOUbCQ==",
      "deprecated": "You can find the new Popper v2 at @popperjs/core, this package is dedicated to the legacy v1",
      "funding": {
        "type": "opencollective",
        "url": "https://opencollective.com/popperjs"
      }
    },
    "node_modules/select2": {
      "version": "4.0.10",
      "resolved": "https://registry.npmjs.org/select2/-/select2-4.0.10.tgz",
      "integrity": "sha512-g9fWMdEif4eQ901eiJV3os0MG5y20/3E2WNy0PfYf0T6Q/zZB/NOroJwAxcfE6uv5x0/BGeCDGNtoj9PqCdQEg=="
    },
    "node_modules/urijs": {
      "version": "1.19.11",
      "resolved": "https://registry.npmjs.org/urijs/-/urijs-1.19.11.tgz",
      "integrity": "sha512-HXgFDgDommxn5/bIv0cnQZsPhHDA90NPHD6+c/v21U5+Sx5hoP8+dP9IZXBU1gIfvdRfhG8cel9QNPeionfcCQ=="
    }
  },
  "dependencies": {
    "@fortawesome/fontawesome-free": {
      "version": "5.4.0",
      "resolved": "https://registry.npmjs.org/@fortawesome/fontawesome-free/-/fontawesome-free-5.4.0.tgz",
      "integrity": "sha512-yOvY4vhouiTXMNHMlxdgjjC6rdmspQTFCMaRDcxzOK+LP9YfoIccXpOK9boyUgvA1U/pgzHlVZDHrWs6r3sRcA=="
    },
    "@github/time-elements": {
      "version": "3.1.1",
      "resolved": "https://registry.npmjs.org/@github/time-elements/-/time-elements-3.1.1.tgz",
      "integrity": "sha512-95TquDedxMpNb8BUrVIt9NEfdNBw4DRjdcECDPx4Ix6gkksI2npKRJBOV9XJMYjEIBo50iAiJzUuwL/fh3ptFw=="
    },
    "@ttskch/select2-bootstrap4-theme": {
      "version": "1.0.5",
      "resolved": "https://registry.npmjs.org/@ttskch/select2-bootstrap4-theme/-/select2-bootstrap4-theme-1.0.5.tgz",
      "integrity": "sha512-84qDd9eDwR6TijtPtV1jzhKcZnXZXwFxS98tc6Rh1mMv285Bptmv1JcsGvq33k7oq1QqK54p6BlYRx8kTP0ZiA=="
    },
    "bootstrap": {
      "version": "4.5.3",
      "resolved": "https://registry.npmjs.org/bootstrap/-/bootstrap-4.5.3.tgz",
      "integrity": "sha512-o9ppKQioXGqhw8Z7mah6KdTYpNQY//tipnkxppWhPbiSWdD+1raYsnhwEZjkTHYbGee4cVQ0Rx65EhOY/HNLcQ==",
      "requires": {}
    },
    "bootstrap-datepicker": {
      "version": "1.9.0",
      "resolved": "https://registry.npmjs.org/bootstrap-datepicker/-/bootstrap-datepicker-1.9.0.tgz",
      "integrity": "sha512-9rYYbaVOheGYxjOr/+bJCmRPihfy+LkLSg4fIFMT9Od8WwWB/MB50w0JO1eBgKUMbb7PFHQD5uAfI3ArAxZRXA==",
      "requires": {
        "jquery": ">=1.7.1 <4.0.0"
      }
    },
    "datatables.net": {
      "version": "1.11.3",
      "resolved": "https://registry.npmjs.org/datatables.net/-/datatables.net-1.11.3.tgz",
      "integrity": "sha512-VMj5qEaTebpNurySkM6jy6sGpl+s6onPK8xJhYr296R/vUBnz1+id16NVqNf9z5aR076OGcpGHCuiTuy4E05oQ==",
      "requires": {
        "jquery": ">=1.7"
      }
    },
    "datatables.net-bs4": {
      "version": "1.11.3",
      "resolved": "https://registry.npmjs.org/datatables.net-bs4/-/datatables.net-bs4-1.11.3.tgz",
      "integrity": "sha512-UPT2F1nvZZzKJSSHb+3+bTeQy1ULLMT1BexBHCkh5PhMnAZNPbTEZD+6To1RCBfUF1rtPwIJTwJ+Jjjxy86xRw==",
      "requires": {
        "datatables.net": ">=1.10.25",
        "jquery": ">=1.7"
      }
    },
    "datatables.net-dt": {
      "version": "1.11.3",
      "resolved": "https://registry.npmjs.org/datatables.net-dt/-/datatables.net-dt-1.11.3.tgz",
      "integrity": "sha512-EX/thRwXpQRj8hZSb+ZMDNQ4uW1zLZa9BoAhhw1b5HIDH1nJ9WRTkERsoxE+3WISeX8bDiaEydf8TTQBSqxXVw==",
      "requires": {
        "datatables.net": ">=1.10.25",
        "jquery": ">=1.7"
      }
    },
    "jquery": {
      "version": "3.6.0",
      "resolved": "https://registry.npmjs.org/jquery/-/jquery-3.6.0.tgz",
      "integrity": "sha512-JVzAR/AjBvVt2BmYhxRCSYysDsPcssdmTFnzyLEts9qNwmjmu4JTAMYubEfwVOSwpQ1I1sKKFcxhZCI2buerfw=="
    },
    "jquery-stickytabs": {
      "version": "1.2.4",
      "resolved": "https://registry.npmjs.org/jquery-stickytabs/-/jquery-stickytabs-1.2.4.tgz",
      "integrity": "sha1-x20YZO4DniW8VyQnSs2VbvKKa24= sha512-uBkd7K3nUCPrnOqFHNEPoC0oQENYo07D3NwtJ9QP930u4wm5rGxp0dz9SlxUaTC2Yl24fBzt1w9B44pWFTQp6A=="
    },
    "js-cookie": {
      "version": "3.0.1",
      "resolved": "https://registry.npmjs.org/js-cookie/-/js-cookie-3.0.1.tgz",
      "integrity": "sha512-+0rgsUXZu4ncpPxRL+lNEptWMOWl9etvPHc/koSRp6MPwpRYAhmk0dUG00J4bxVV3r9uUzfo24wW0knS07SKSw=="
    },
    "popper.js": {
      "version": "1.16.1",
      "resolved": "https://registry.npmjs.org/popper.js/-/popper.js-1.16.1.tgz",
      "integrity": "sha512-Wb4p1J4zyFTbM+u6WuO4XstYx4Ky9Cewe4DWrel7B0w6VVICvPwdOpotjzcf6eD8TsckVnIMNONQyPIUFOUbCQ=="
    },
    "select2": {
      "version": "4.0.10",
      "resolved": "https://registry.npmjs.org/select2/-/select2-4.0.10.tgz",
      "integrity": "sha512-g9fWMdEif4eQ901eiJV3os0MG5y20/3E2WNy0PfYf0T6Q/zZB/NOroJwAxcfE6uv5x0/BGeCDGNtoj9PqCdQEg=="
    },
    "urijs": {
      "version": "1.19.11",
      "resolved": "https://registry.npmjs.org/urijs/-/urijs-1.19.11.tgz",
      "integrity": "sha512-HXgFDgDommxn5/bIv0cnQZsPhHDA90NPHD6+c/v21U5+Sx5hoP8+dP9IZXBU1gIfvdRfhG8cel9QNPeionfcCQ=="
    }
  }
}
