# THIS IS AN AUTOGENERATED FILE. DO NOT EDIT THIS FILE DIRECTLY.
# yarn lockfile v1


"@fortawesome/fontawesome-free@^5.1.1":
  version "5.4.0"
  resolved "https://registry.yarnpkg.com/@fortawesome/fontawesome-free/-/fontawesome-free-5.4.0.tgz#f3eea20ce4c216dc35e3c13f52f1caf9fc52d746"
  integrity sha512-yOvY4vhouiTXMNHMlxdgjjC6rdmspQTFCMaRDcxzOK+LP9YfoIccXpOK9boyUgvA1U/pgzHlVZDHrWs6r3sRcA==

"@github/time-elements@^3.1.1":
  version "3.1.1"
  resolved "https://registry.yarnpkg.com/@github/time-elements/-/time-elements-3.1.1.tgz#b52be933a87a0b585a5df6fd2dea6ccda5d776b9"
  integrity sha512-95TquDedxMpNb8BUrVIt9NEfdNBw4DRjdcECDPx4Ix6gkksI2npKRJBOV9XJMYjEIBo50iAiJzUuwL/fh3ptFw==

"@ttskch/select2-bootstrap4-theme@^1.0.5":
  version "1.0.5"
  resolved "https://registry.yarnpkg.com/@ttskch/select2-bootstrap4-theme/-/select2-bootstrap4-theme-1.0.5.tgz#1610ef4c672c0f4cfd34d05bfc81b1c605bf4a9a"
  integrity sha512-84qDd9eDwR6TijtPtV1jzhKcZnXZXwFxS98tc6Rh1mMv285Bptmv1JcsGvq33k7oq1QqK54p6BlYRx8kTP0ZiA==

bootstrap-datepicker@^1.9.0:
  version "1.9.0"
  resolved "https://registry.yarnpkg.com/bootstrap-datepicker/-/bootstrap-datepicker-1.9.0.tgz#e4bfce3fcce1967876b21dc6833ec5994aaed090"
  integrity sha512-9rYYbaVOheGYxjOr/+bJCmRPihfy+LkLSg4fIFMT9Od8WwWB/MB50w0JO1eBgKUMbb7PFHQD5uAfI3ArAxZRXA==
  dependencies:
    jquery ">=1.7.1 <4.0.0"

bootstrap@^4.5.3:
  version "4.5.3"
  resolved "https://registry.yarnpkg.com/bootstrap/-/bootstrap-4.5.3.tgz#c6a72b355aaf323920be800246a6e4ef30997fe6"
  integrity sha512-o9ppKQioXGqhw8Z7mah6KdTYpNQY//tipnkxppWhPbiSWdD+1raYsnhwEZjkTHYbGee4cVQ0Rx65EhOY/HNLcQ==

datatables.net-bs4@^1.11.3:
  version "1.11.3"
  resolved "https://registry.yarnpkg.com/datatables.net-bs4/-/datatables.net-bs4-1.11.3.tgz#04817c5d9457f1b9807a1330f12c37a541596328"
  integrity sha512-UPT2F1nvZZzKJSSHb+3+bTeQy1ULLMT1BexBHCkh5PhMnAZNPbTEZD+6To1RCBfUF1rtPwIJTwJ+Jjjxy86xRw==
  dependencies:
    datatables.net ">=1.10.25"
    jquery ">=1.7"

datatables.net-dt@^1.11.3:
  version "1.11.3"
  resolved "https://registry.yarnpkg.com/datatables.net-dt/-/datatables.net-dt-1.11.3.tgz#242556a490585b457b7d2b9f5fd8fb10761d621b"
  integrity sha512-EX/thRwXpQRj8hZSb+ZMDNQ4uW1zLZa9BoAhhw1b5HIDH1nJ9WRTkERsoxE+3WISeX8bDiaEydf8TTQBSqxXVw==
  dependencies:
    datatables.net ">=1.10.25"
    jquery ">=1.7"

datatables.net@>=1.10.25, datatables.net@^1.11.3:
  version "1.11.3"
  resolved "https://registry.yarnpkg.com/datatables.net/-/datatables.net-1.11.3.tgz#80e691036efcd62467558ee64c07dd566cb761b4"
  integrity sha512-VMj5qEaTebpNurySkM6jy6sGpl+s6onPK8xJhYr296R/vUBnz1+id16NVqNf9z5aR076OGcpGHCuiTuy4E05oQ==
  dependencies:
    jquery ">=1.7"

jquery-stickytabs@^1.2.4:
  version "1.2.4"
  resolved "https://registry.yarnpkg.com/jquery-stickytabs/-/jquery-stickytabs-1.2.4.tgz#c76d1864ee039e25bc5724274acd956ef28a6b6e"
  integrity sha1-x20YZO4DniW8VyQnSs2VbvKKa24=

jquery@>=1.7, "jquery@>=1.7.1 <4.0.0", jquery@^3.5.0:
  version "3.6.0"
  resolved "https://registry.yarnpkg.com/jquery/-/jquery-3.6.0.tgz#c72a09f15c1bdce142f49dbf1170bdf8adac2470"
  integrity sha512-JVzAR/AjBvVt2BmYhxRCSYysDsPcssdmTFnzyLEts9qNwmjmu4JTAMYubEfwVOSwpQ1I1sKKFcxhZCI2buerfw==

js-cookie@^3.0.1:
  version "3.0.1"
  resolved "https://registry.yarnpkg.com/js-cookie/-/js-cookie-3.0.1.tgz#9e39b4c6c2f56563708d7d31f6f5f21873a92414"
  integrity sha512-+0rgsUXZu4ncpPxRL+lNEptWMOWl9etvPHc/koSRp6MPwpRYAhmk0dUG00J4bxVV3r9uUzfo24wW0knS07SKSw==

popper.js@^1.16.1:
  version "1.16.1"
  resolved "https://registry.yarnpkg.com/popper.js/-/popper.js-1.16.1.tgz#2a223cb3dc7b6213d740e40372be40de43e65b1b"
  integrity sha512-Wb4p1J4zyFTbM+u6WuO4XstYx4Ky9Cewe4DWrel7B0w6VVICvPwdOpotjzcf6eD8TsckVnIMNONQyPIUFOUbCQ==

select2@^4.0.10:
  version "4.0.10"
  resolved "https://registry.yarnpkg.com/select2/-/select2-4.0.10.tgz#c8d4e3e2504f49956b3dfd9018ab1d7bc601a41b"
  integrity sha512-g9fWMdEif4eQ901eiJV3os0MG5y20/3E2WNy0PfYf0T6Q/zZB/NOroJwAxcfE6uv5x0/BGeCDGNtoj9PqCdQEg==

urijs@^1.19.10:
  version "1.19.10"
  resolved "https://registry.yarnpkg.com/urijs/-/urijs-1.19.10.tgz#8e2fe70a8192845c180f75074884278f1eea26cb"
  integrity sha512-EzauQlgKuJgsXOqoMrCiePBf4At5jVqRhXykF3Wfb8ZsOBMxPcfiVBcsHXug4Aepb/ICm2PIgqAUGMelgdrWEg==
